
Microsoft Visual Studio Solution File, Format Version 12.00
# Visual Studio 15
VisualStudioVersion = 15.0.28307.421
MinimumVisualStudioVersion = 10.0.40219.1
Project("{FAE04EC0-301F-11D3-BF4B-00C04F79EFBC}") = "AsteroidArena", "AsteroidArena\AsteroidArena.csproj", "{183B7007-538F-4AB8-BA65-3BE02FD341DD}"
EndProject
Global
	GlobalSection(SolutionConfigurationPlatforms) = preSolution
		Debug|Any CPU = Debug|Any CPU
		Release|Any CPU = Release|Any CPU
	EndGlobalSection
	GlobalSection(ProjectConfigurationPlatforms) = postSolution
		{183B7007-538F-4AB8-BA65-3BE02FD341DD}.Debug|Any CPU.ActiveCfg = Debug|Any CPU
		{183B7007-538F-4AB8-BA65-3BE02FD341DD}.Debug|Any CPU.Build.0 = Debug|Any CPU
		{183B7007-538F-4AB8-BA65-3BE02FD341DD}.Release|Any CPU.ActiveCfg = Release|Any CPU
		{183B7007-538F-4AB8-BA65-3BE02FD341DD}.Release|Any CPU.Build.0 = Release|Any CPU
	EndGlobalSection
	GlobalSection(SolutionProperties) = preSolution
		HideSolutionNode = FALSE
	EndGlobalSection
	GlobalSection(ExtensibilityGlobals) = postSolution
		SolutionGuid = {88EAE811-E930-47A1-8C12-8B7F3BEB1B7D}
	EndGlobalSection
EndGlobal
